<?xml version="1.0" encoding="utf-8"?>
<Project ToolsVersion="4.0" xmlns="http://schemas.microsoft.com/developer/msbuild/2003">
  <ItemGroup>
    <Filter Include="Source Files">
      <UniqueIdentifier>{4FC737F1-C7A5-4376-A066-2A32D752A2FF}</UniqueIdentifier>
      <Extensions>cpp;c;cc;cxx;def;odl;idl;hpj;bat;asm;asmx</Extensions>
    </Filter>
    <Filter Include="Header Files">
      <UniqueIdentifier>{93995380-89BD-4b04-88EB-625FBE52EBFB}</UniqueIdentifier>
      <Extensions>h;hpp;hxx;hm;inl;inc;xsd</Extensions>
    </Filter>
    <Filter Include="Source Files\shared">
      <UniqueIdentifier>{5df2ad0c-5bf8-4ab5-999a-05eaed4754ec}</UniqueIdentifier>
    </Filter>
    <Filter Include="Resource Files">
      <UniqueIdentifier>{67DA6AB6-F800-4c08-8B7A-83BB121AAD01}</UniqueIdentifier>
      <Extensions>rc;ico;cur;bmp;dlg;rc2;rct;bin;rgs;gif;jpg;jpeg;jpe;resx;tiff;tif;png;wav</Extensions>
    </Filter>
    <Filter Include="Source Files\library">
      <UniqueIdentifier>{130d786f-c87b-4fd2-9155-ce3188d7f56f}</UniqueIdentifier>
    </Filter>
    <Filter Include="Source Files\objects">
      <UniqueIdentifier>{514f1828-c3c9-4af6-ab63-79570d9f9673}</UniqueIdentifier>
    </Filter>
    <Filter Include="Source Files\textures">
      <UniqueIdentifier>{aca1e9c1-bd8f-4607-91be-b3951be286fe}</UniqueIdentifier>
    </Filter>
  </ItemGroup>
  <ItemGroup>
    <ClCompile Include="..\main.cpp">
      <Filter>Source Files</Filter>
    </ClCompile>
    <ClCompile Include="..\shared\GLee.c">
      <Filter>Source Files\shared</Filter>
    </ClCompile>
    <ClCompile Include="..\shared\glm.cpp">
      <Filter>Source Files\library</Filter>
    </ClCompile>
    <ClCompile Include="..\gltools.cpp">
      <Filter>Source Files\library</Filter>
    </ClCompile>
    <ClCompile Include="..\math3d.cpp">
      <Filter>Source Files\library</Filter>
    </ClCompile>
    <ClCompile Include="..\GLee.c">
      <Filter>Source Files\library</Filter>
    </ClCompile>
    <ClCompile Include="assets.cpp">
      <Filter>Resource Files</Filter>
    </ClCompile>
    <ClCompile Include="vec.cpp">
      <Filter>Resource Files</Filter>
    </ClCompile>
    <ClCompile Include="camera.cpp">
      <Filter>Resource Files</Filter>
    </ClCompile>
  </ItemGroup>
  <ItemGroup>
    <ClInclude Include="..\shared\freeglut_std.h">
      <Filter>Source Files\shared</Filter>
    </ClInclude>
    <ClInclude Include="..\shared\GLee.h">
      <Filter>Source Files\shared</Filter>
    </ClInclude>
    <ClInclude Include="..\shared\glFrame.h">
      <Filter>Source Files\shared</Filter>
    </ClInclude>
    <ClInclude Include="..\shared\glfrustum.h">
      <Filter>Source Files\shared</Filter>
    </ClInclude>
    <ClInclude Include="..\shared\glut.h">
      <Filter>Source Files\shared</Filter>
    </ClInclude>
    <ClInclude Include="..\shared\stopwatch.h">
      <Filter>Source Files\shared</Filter>
    </ClInclude>
    <ClInclude Include="..\shared\wglext.h">
      <Filter>Source Files\shared</Filter>
    </ClInclude>
    <ClInclude Include="..\shared\freeglut.h">
      <Filter>Source Files\shared</Filter>
    </ClInclude>
    <ClInclude Include="..\shared\freeglut_ext.h">
      <Filter>Source Files\shared</Filter>
    </ClInclude>
    <ClInclude Include="..\shared\glm.h">
      <Filter>Source Files\library</Filter>
    </ClInclude>
    <ClInclude Include="..\gltools.h">
      <Filter>Source Files\library</Filter>
    </ClInclude>
    <ClInclude Include="..\wglext.h">
      <Filter>Source Files\library</Filter>
    </ClInclude>
    <ClInclude Include="..\math3d.h">
      <Filter>Source Files\library</Filter>
    </ClInclude>
    <ClInclude Include="..\GLee.h">
      <Filter>Source Files\library</Filter>
    </ClInclude>
    <ClInclude Include="vec.h">
      <Filter>Header Files</Filter>
    </ClInclude>
    <ClInclude Include="assets.h">
      <Filter>Header Files</Filter>
    </ClInclude>
    <ClInclude Include="camera.h">
      <Filter>Header Files</Filter>
    </ClInclude>
  </ItemGroup>
  <ItemGroup>
    <None Include="..\shared\ReadMe.txt">
      <Filter>Source Files\shared</Filter>
    </None>
    <None Include="packages.config" />
  </ItemGroup>
  <ItemGroup>
    <Library Include="..\shared\freeglut_static.lib">
      <Filter>Source Files\shared</Filter>
    </Library>
  </ItemGroup>
</Project>